{
    "_readme": [
        "This file locks the dependencies of your project to a known state",
        "Read more about it at https://getcomposer.org/doc/01-basic-usage.md#composer-lock-the-lock-file",
        "This file is @generated automatically"
    ],
    "content-hash": "926a92d25220b53aefc78be3ed8d1ef6",
    "packages": [],
    "packages-dev": [
        {
            "name": "composer/ca-bundle",
            "version": "1.1.1",
            "source": {
                "type": "git",
                "url": "https://github.com/composer/ca-bundle.git",
                "reference": "d2c0a83b7533d6912e8d516756ebd34f893e9169"
            },
            "dist": {
                "type": "zip",
                "url": "https://api.github.com/repos/composer/ca-bundle/zipball/d2c0a83b7533d6912e8d516756ebd34f893e9169",
                "reference": "d2c0a83b7533d6912e8d516756ebd34f893e9169",
                "shasum": ""
            },
            "require": {
                "ext-openssl": "*",
                "ext-pcre": "*",
                "php": "^5.3.2 || ^7.0"
            },
            "require-dev": {
                "phpunit/phpunit": "^4.8.35 || ^5.7 || ^6.5",
                "psr/log": "^1.0",
                "symfony/process": "^2.5 || ^3.0 || ^4.0"
            },
            "type": "library",
            "extra": {
                "branch-alias": {
                    "dev-master": "1.x-dev"
                }
            },
            "autoload": {
                "psr-4": {
                    "Composer\\CaBundle\\": "src"
                }
            },
            "notification-url": "https://packagist.org/downloads/",
            "license": [
                "MIT"
            ],
            "authors": [
                {
                    "name": "Jordi Boggiano",
                    "email": "j.boggiano@seld.be",
                    "homepage": "http://seld.be"
                }
            ],
            "description": "Lets you find a path to the system CA bundle, and includes a fallback to the Mozilla CA bundle.",
            "keywords": [
                "cabundle",
                "cacert",
                "certificate",
                "ssl",
                "tls"
            ],
            "time": "2018-03-29T19:57:20+00:00"
        },
        {
            "name": "liip/rmt",
            "version": "1.3.0",
            "source": {
                "type": "git",
                "url": "https://github.com/liip/RMT.git",
                "reference": "a948dbdd9a2a2f0a6d5bd784010ff749819fe9dd"
            },
            "dist": {
                "type": "zip",
                "url": "https://api.github.com/repos/liip/RMT/zipball/a948dbdd9a2a2f0a6d5bd784010ff749819fe9dd",
                "reference": "a948dbdd9a2a2f0a6d5bd784010ff749819fe9dd",
                "shasum": ""
            },
            "require": {
                "php": "^5.6|^7.0",
                "sensiolabs/security-checker": "~2.0|^3.0|^4.0",
                "symfony/console": "~2.3|^3.0|^4.0",
                "symfony/process": "~2.3|^3.0|^4.0",
                "symfony/yaml": "~2.3|^3.0|^4.0",
                "vierbergenlars/php-semver": "~3.0"
            },
            "require-dev": {
                "phpunit/phpunit": "^5.6.8|^6.0"
            },
            "bin": [
                "RMT"
            ],
            "type": "library",
            "extra": {
                "branch-alias": {
                    "dev-master": "1.3-dev"
                }
            },
            "autoload": {
                "psr-0": {
                    "Liip": "src"
                }
            },
            "notification-url": "https://packagist.org/downloads/",
            "license": [
                "MIT"
            ],
            "authors": [
                {
                    "name": "Laurent Prodon",
                    "email": "laurent.prodon@liip.ch",
                    "role": "Developer"
                },
                {
                    "name": "David Jeanmonod",
                    "email": "david.jeanmonod@liip.ch",
                    "role": "Developer"
                }
            ],
            "description": "Release Management Tool: a handy tool to help releasing new version of your software",
            "homepage": "http://github.com/liip/RMT",
            "keywords": [
                "post-release",
                "pre-release",
                "release",
                "semantic versioning",
                "vcs tag",
                "version"
            ],
            "time": "2017-12-20T13:37:57+00:00"
        },
        {
            "name": "sensiolabs/security-checker",
            "version": "v4.1.8",
            "source": {
                "type": "git",
                "url": "https://github.com/sensiolabs/security-checker.git",
                "reference": "dc270d5fec418cc6ac983671dba5d80ffaffb142"
            },
            "dist": {
                "type": "zip",
                "url": "https://api.github.com/repos/sensiolabs/security-checker/zipball/dc270d5fec418cc6ac983671dba5d80ffaffb142",
                "reference": "dc270d5fec418cc6ac983671dba5d80ffaffb142",
                "shasum": ""
            },
            "require": {
                "composer/ca-bundle": "^1.0",
                "symfony/console": "~2.7|~3.0|~4.0"
            },
            "bin": [
                "security-checker"
            ],
            "type": "library",
            "extra": {
                "branch-alias": {
                    "dev-master": "4.1-dev"
                }
            },
            "autoload": {
                "psr-0": {
                    "SensioLabs\\Security": ""
                }
            },
            "notification-url": "https://packagist.org/downloads/",
            "license": [
                "MIT"
            ],
            "authors": [
                {
                    "name": "Fabien Potencier",
                    "email": "fabien.potencier@gmail.com"
                }
            ],
            "description": "A security checker for your composer.lock",
            "time": "2018-02-28T22:10:01+00:00"
        },
        {
            "name": "symfony/console",
            "version": "v4.1.1",
            "source": {
                "type": "git",
                "url": "https://github.com/symfony/console.git",
                "reference": "70591cda56b4b47c55776ac78e157c4bb6c8b43f"
            },
            "dist": {
                "type": "zip",
                "url": "https://api.github.com/repos/symfony/console/zipball/70591cda56b4b47c55776ac78e157c4bb6c8b43f",
                "reference": "70591cda56b4b47c55776ac78e157c4bb6c8b43f",
                "shasum": ""
            },
            "require": {
                "php": "^7.1.3",
                "symfony/polyfill-mbstring": "~1.0"
            },
            "conflict": {
                "symfony/dependency-injection": "<3.4",
                "symfony/process": "<3.3"
            },
            "require-dev": {
                "psr/log": "~1.0",
                "symfony/config": "~3.4|~4.0",
                "symfony/dependency-injection": "~3.4|~4.0",
                "symfony/event-dispatcher": "~3.4|~4.0",
                "symfony/lock": "~3.4|~4.0",
                "symfony/process": "~3.4|~4.0"
            },
            "suggest": {
                "psr/log-implementation": "For using the console logger",
                "symfony/event-dispatcher": "",
                "symfony/lock": "",
                "symfony/process": ""
            },
            "type": "library",
            "extra": {
                "branch-alias": {
                    "dev-master": "4.1-dev"
                }
            },
            "autoload": {
                "psr-4": {
                    "Symfony\\Component\\Console\\": ""
                },
                "exclude-from-classmap": [
                    "/Tests/"
                ]
            },
            "notification-url": "https://packagist.org/downloads/",
            "license": [
                "MIT"
            ],
            "authors": [
                {
                    "name": "Fabien Potencier",
                    "email": "fabien@symfony.com"
                },
                {
                    "name": "Symfony Community",
                    "homepage": "https://symfony.com/contributors"
                }
            ],
            "description": "Symfony Console Component",
            "homepage": "https://symfony.com",
            "time": "2018-05-31T10:17:53+00:00"
        },
        {
            "name": "symfony/polyfill-ctype",
            "version": "v1.8.0",
            "source": {
                "type": "git",
                "url": "https://github.com/symfony/polyfill-ctype.git",
                "reference": "7cc359f1b7b80fc25ed7796be7d96adc9b354bae"
            },
            "dist": {
                "type": "zip",
                "url": "https://api.github.com/repos/symfony/polyfill-ctype/zipball/7cc359f1b7b80fc25ed7796be7d96adc9b354bae",
                "reference": "7cc359f1b7b80fc25ed7796be7d96adc9b354bae",
                "shasum": ""
            },
            "require": {
                "php": ">=5.3.3"
            },
            "type": "library",
            "extra": {
                "branch-alias": {
                    "dev-master": "1.8-dev"
                }
            },
            "autoload": {
                "psr-4": {
                    "Symfony\\Polyfill\\Ctype\\": ""
                },
                "files": [
                    "bootstrap.php"
                ]
            },
            "notification-url": "https://packagist.org/downloads/",
            "license": [
                "MIT"
            ],
            "authors": [
                {
                    "name": "Symfony Community",
                    "homepage": "https://symfony.com/contributors"
                },
                {
                    "name": "Gert de Pagter",
                    "email": "BackEndTea@gmail.com"
                }
            ],
            "description": "Symfony polyfill for ctype functions",
            "homepage": "https://symfony.com",
            "keywords": [
                "compatibility",
                "ctype",
                "polyfill",
                "portable"
            ],
            "time": "2018-04-30T19:57:29+00:00"
        },
        {
            "name": "symfony/polyfill-mbstring",
            "version": "v1.8.0",
            "source": {
                "type": "git",
                "url": "https://github.com/symfony/polyfill-mbstring.git",
                "reference": "3296adf6a6454a050679cde90f95350ad604b171"
            },
            "dist": {
                "type": "zip",
                "url": "https://api.github.com/repos/symfony/polyfill-mbstring/zipball/3296adf6a6454a050679cde90f95350ad604b171",
                "reference": "3296adf6a6454a050679cde90f95350ad604b171",
                "shasum": ""
            },
            "require": {
                "php": ">=5.3.3"
            },
            "suggest": {
                "ext-mbstring": "For best performance"
            },
            "type": "library",
            "extra": {
                "branch-alias": {
                    "dev-master": "1.8-dev"
                }
            },
            "autoload": {
                "psr-4": {
                    "Symfony\\Polyfill\\Mbstring\\": ""
                },
                "files": [
                    "bootstrap.php"
                ]
            },
            "notification-url": "https://packagist.org/downloads/",
            "license": [
                "MIT"
            ],
            "authors": [
                {
                    "name": "Nicolas Grekas",
                    "email": "p@tchwork.com"
                },
                {
                    "name": "Symfony Community",
                    "homepage": "https://symfony.com/contributors"
                }
            ],
            "description": "Symfony polyfill for the Mbstring extension",
            "homepage": "https://symfony.com",
            "keywords": [
                "compatibility",
                "mbstring",
                "polyfill",
                "portable",
                "shim"
            ],
            "time": "2018-04-26T10:06:28+00:00"
        },
        {
            "name": "symfony/process",
            "version": "v4.1.1",
            "source": {
                "type": "git",
                "url": "https://github.com/symfony/process.git",
                "reference": "1d1677391ecf00d1c5b9482d6050c0c27aa3ac3a"
            },
            "dist": {
                "type": "zip",
                "url": "https://api.github.com/repos/symfony/process/zipball/1d1677391ecf00d1c5b9482d6050c0c27aa3ac3a",
                "reference": "1d1677391ecf00d1c5b9482d6050c0c27aa3ac3a",
                "shasum": ""
            },
            "require": {
                "php": "^7.1.3"
            },
            "type": "library",
            "extra": {
                "branch-alias": {
                    "dev-master": "4.1-dev"
                }
            },
            "autoload": {
                "psr-4": {
                    "Symfony\\Component\\Process\\": ""
                },
                "exclude-from-classmap": [
                    "/Tests/"
                ]
            },
            "notification-url": "https://packagist.org/downloads/",
            "license": [
                "MIT"
            ],
            "authors": [
                {
                    "name": "Fabien Potencier",
                    "email": "fabien@symfony.com"
                },
                {
                    "name": "Symfony Community",
                    "homepage": "https://symfony.com/contributors"
                }
            ],
            "description": "Symfony Process Component",
            "homepage": "https://symfony.com",
            "time": "2018-05-31T10:17:53+00:00"
        },
        {
            "name": "symfony/yaml",
            "version": "v4.1.1",
            "source": {
                "type": "git",
                "url": "https://github.com/symfony/yaml.git",
                "reference": "80e4bfa9685fc4a09acc4a857ec16974a9cd944e"
            },
            "dist": {
                "type": "zip",
                "url": "https://api.github.com/repos/symfony/yaml/zipball/80e4bfa9685fc4a09acc4a857ec16974a9cd944e",
                "reference": "80e4bfa9685fc4a09acc4a857ec16974a9cd944e",
                "shasum": ""
            },
            "require": {
                "php": "^7.1.3",
                "symfony/polyfill-ctype": "~1.8"
            },
            "conflict": {
                "symfony/console": "<3.4"
            },
            "require-dev": {
                "symfony/console": "~3.4|~4.0"
            },
            "suggest": {
                "symfony/console": "For validating YAML files using the lint command"
            },
            "type": "library",
            "extra": {
                "branch-alias": {
                    "dev-master": "4.1-dev"
                }
            },
            "autoload": {
                "psr-4": {
                    "Symfony\\Component\\Yaml\\": ""
                },
                "exclude-from-classmap": [
                    "/Tests/"
                ]
            },
            "notification-url": "https://packagist.org/downloads/",
            "license": [
                "MIT"
            ],
            "authors": [
                {
                    "name": "Fabien Potencier",
                    "email": "fabien@symfony.com"
                },
                {
                    "name": "Symfony Community",
                    "homepage": "https://symfony.com/contributors"
                }
            ],
            "description": "Symfony Yaml Component",
            "homepage": "https://symfony.com",
            "time": "2018-05-30T07:26:09+00:00"
        },
        {
            "name": "vierbergenlars/php-semver",
            "version": "3.0.2",
            "source": {
                "type": "git",
                "url": "https://github.com/vierbergenlars/php-semver.git",
                "reference": "be22b86be4c1133acc42fd1685276792024af5f9"
            },
            "dist": {
                "type": "zip",
                "url": "https://api.github.com/repos/vierbergenlars/php-semver/zipball/be22b86be4c1133acc42fd1685276792024af5f9",
                "reference": "be22b86be4c1133acc42fd1685276792024af5f9",
                "shasum": ""
            },
            "require": {
                "php": ">=5.3.0"
            },
            "require-dev": {
                "phpunit/phpunit": "~4"
            },
            "bin": [
                "bin/semver",
                "bin/update-versions"
            ],
            "type": "library",
            "autoload": {
                "psr-0": {
                    "vierbergenlars\\SemVer\\": "src/",
                    "vierbergenlars\\LibJs\\": "src/"
                },
                "classmap": [
                    "src/vierbergenlars/SemVer/internal.php"
                ]
            },
            "notification-url": "https://packagist.org/downloads/",
            "license": [
                "MIT"
            ],
            "authors": [
                {
                    "name": "Lars Vierbergen",
                    "email": "vierbergenlars@gmail.com"
                }
            ],
            "description": "The Semantic Versioner for PHP",
            "keywords": [
                "semantic",
                "semver",
                "versioning"
            ],
            "time": "2017-07-11T09:53:59+00:00"
        }
    ],
    "aliases": [],
    "minimum-stability": "stable",
    "stability-flags": [],
    "prefer-stable": false,
    "prefer-lowest": false,
    "platform": [],
    "platform-dev": []
}
